
Microsoft Visual Studio Solution File, Format Version 12.00
# Visual Studio 15
VisualStudioVersion = 15.0.28307.572
MinimumVisualStudioVersion = 10.0.40219.1
Project("{FAE04EC0-301F-11D3-BF4B-00C04F79EFBC}") = "CineP V1", "CineP V1\CineP V1.csproj", "{FA6CE516-31B3-477C-A3B5-D10C6D9C7254}"
EndProject
Global
	GlobalSection(SolutionConfigurationPlatforms) = preSolution
		Debug|Any CPU = Debug|Any CPU
		Release|Any CPU = Release|Any CPU
	EndGlobalSection
	GlobalSection(ProjectConfigurationPlatforms) = postSolution
		{FA6CE516-31B3-477C-A3B5-D10C6D9C7254}.Debug|Any CPU.ActiveCfg = Debug|Any CPU
		{FA6CE516-31B3-477C-A3B5-D10C6D9C7254}.Debug|Any CPU.Build.0 = Debug|Any CPU
		{FA6CE516-31B3-477C-A3B5-D10C6D9C7254}.Release|Any CPU.ActiveCfg = Release|Any CPU
		{FA6CE516-31B3-477C-A3B5-D10C6D9C7254}.Release|Any CPU.Build.0 = Release|Any CPU
	EndGlobalSection
	GlobalSection(SolutionProperties) = preSolution
		HideSolutionNode = FALSE
	EndGlobalSection
	GlobalSection(ExtensibilityGlobals) = postSolution
		SolutionGuid = {7A2FAD39-024D-45CA-B60F-C3CBD60977B5}
	EndGlobalSection
EndGlobal
